
Microsoft Visual Studio Solution File, Format Version 12.00
# Visual Studio Version 16
VisualStudioVersion = 16.0.29102.190
MinimumVisualStudioVersion = 10.0.40219.1
Project("{FAE04EC0-301F-11D3-BF4B-00C04F79EFBC}") = "XTULibOrder", "XTULibOrder\XTULibOrder.csproj", "{79E4B564-2C83-4D42-A60F-E6AFAE43BC05}"
EndProject
Global
	GlobalSection(SolutionConfigurationPlatforms) = preSolution
		Debug|Any CPU = Debug|Any CPU
		Release|Any CPU = Release|Any CPU
	EndGlobalSection
	GlobalSection(ProjectConfigurationPlatforms) = postSolution
		{79E4B564-2C83-4D42-A60F-E6AFAE43BC05}.Debug|Any CPU.ActiveCfg = Debug|Any CPU
		{79E4B564-2C83-4D42-A60F-E6AFAE43BC05}.Debug|Any CPU.Build.0 = Debug|Any CPU
		{79E4B564-2C83-4D42-A60F-E6AFAE43BC05}.Release|Any CPU.ActiveCfg = Release|Any CPU
		{79E4B564-2C83-4D42-A60F-E6AFAE43BC05}.Release|Any CPU.Build.0 = Release|Any CPU
	EndGlobalSection
	GlobalSection(SolutionProperties) = preSolution
		HideSolutionNode = FALSE
	EndGlobalSection
	GlobalSection(ExtensibilityGlobals) = postSolution
		SolutionGuid = {14767BFD-5260-484C-BDEF-9F9192D8BA73}
	EndGlobalSection
EndGlobal
